
Microsoft Visual Studio Solution File, Format Version 12.00
# Visual Studio 15
VisualStudioVersion = 15.0.28307.1972
MinimumVisualStudioVersion = 10.0.40219.1
Project("{FAE04EC0-301F-11D3-BF4B-00C04F79EFBC}") = "Zealot's Dead Space Tools", "Zealot's Dead Space Tools\Zealot's Dead Space Tools.csproj", "{F11EF543-8877-4403-B882-286315E606BB}"
EndProject
Global
	GlobalSection(SolutionConfigurationPlatforms) = preSolution
		Debug|Any CPU = Debug|Any CPU
		Release|Any CPU = Release|Any CPU
	EndGlobalSection
	GlobalSection(ProjectConfigurationPlatforms) = postSolution
		{F11EF543-8877-4403-B882-286315E606BB}.Debug|Any CPU.ActiveCfg = Debug|Any CPU
		{F11EF543-8877-4403-B882-286315E606BB}.Debug|Any CPU.Build.0 = Debug|Any CPU
		{F11EF543-8877-4403-B882-286315E606BB}.Release|Any CPU.ActiveCfg = Release|Any CPU
		{F11EF543-8877-4403-B882-286315E606BB}.Release|Any CPU.Build.0 = Release|Any CPU
	EndGlobalSection
	GlobalSection(SolutionProperties) = preSolution
		HideSolutionNode = FALSE
	EndGlobalSection
	GlobalSection(ExtensibilityGlobals) = postSolution
		SolutionGuid = {3E4B8BCC-0307-4389-B2B7-FA6144ACD019}
	EndGlobalSection
EndGlobal
